// !$*UTF8*$!
{
	archiveVersion = 1;
	classes = {
	};
	objectVersion = 46;
	objects = {

/* Begin PBXBuildFile section */
		690041901E67CAB3007DB1CE /* AppDelegate.swift in Sources */ = {isa = PBXBuildFile; fileRef = 6900418F1E67CAB3007DB1CE /* AppDelegate.swift */; };
		690041921E67CAB3007DB1CE /* ViewController.swift in Sources */ = {isa = PBXBuildFile; fileRef = 690041911E67CAB3007DB1CE /* ViewController.swift */; };
		690041951E67CAB3007DB1CE /* Main.storyboard in Resources */ = {isa = PBXBuildFile; fileRef = 690041931E67CAB3007DB1CE /* Main.storyboard */; };
		690041971E67CAB3007DB1CE /* Assets.xcassets in Resources */ = {isa = PBXBuildFile; fileRef = 690041961E67CAB3007DB1CE /* Assets.xcassets */; };
		6900419A1E67CAB3007DB1CE /* LaunchScreen.storyboard in Resources */ = {isa = PBXBuildFile; fileRef = 690041981E67CAB3007DB1CE /* LaunchScreen.storyboard */; };
		F08109B396C7B96540D6CF01 /* Pods_TestRichEditor.framework in Frameworks */ = {isa = PBXBuildFile; fileRef = ECA3547D903F04CD46346274 /* Pods_TestRichEditor.framework */; };
/* End PBXBuildFile section */

/* Begin PBXFileReference section */
		2DD221C2B56F2EA618865BFF /* Pods-TestRichEditor.release.xcconfig */ = {isa = PBXFileReference; includeInIndex = 1; lastKnownFileType = text.xcconfig; name = "Pods-TestRichEditor.release.xcconfig"; path = "Pods/Target Support Files/Pods-TestRichEditor/Pods-TestRichEditor.release.xcconfig"; sourceTree = "<group>"; };
		4875A72A227DE00A3A61EDF7 /* Pods-TestRichEditor.debug.xcconfig */ = {isa = PBXFileReference; includeInIndex = 1; lastKnownFileType = text.xcconfig; name = "Pods-TestRichEditor.debug.xcconfig"; path = "Pods/Target Support Files/Pods-TestRichEditor/Pods-TestRichEditor.debug.xcconfig"; sourceTree = "<group>"; };
		6900418C1E67CAB3007DB1CE /* TestRichEditor.app */ = {isa = PBXFileReference; explicitFileType = wrapper.application; includeInIndex = 0; path = TestRichEditor.app; sourceTree = BUILT_PRODUCTS_DIR; };
		6900418F1E67CAB3007DB1CE /* AppDelegate.swift */ = {isa = PBXFileReference; lastKnownFileType = sourcecode.swift; path = AppDelegate.swift; sourceTree = "<group>"; };
		690041911E67CAB3007DB1CE /* ViewController.swift */ = {isa = PBXFileReference; lastKnownFileType = sourcecode.swift; path = ViewController.swift; sourceTree = "<group>"; };
		690041941E67CAB3007DB1CE /* Base */ = {isa = PBXFileReference; lastKnownFileType = file.storyboard; name = Base; path = Base.lproj/Main.storyboard; sourceTree = "<group>"; };
		690041961E67CAB3007DB1CE /* Assets.xcassets */ = {isa = PBXFileReference; lastKnownFileType = folder.assetcatalog; path = Assets.xcassets; sourceTree = "<group>"; };
		690041991E67CAB3007DB1CE /* Base */ = {isa = PBXFileReference; lastKnownFileType = file.storyboard; name = Base; path = Base.lproj/LaunchScreen.storyboard; sourceTree = "<group>"; };
		6900419B1E67CAB3007DB1CE /* Info.plist */ = {isa = PBXFileReference; lastKnownFileType = text.plist.xml; path = Info.plist; sourceTree = "<group>"; };
		690041A11E67FFEE007DB1CE /* TestRichEditor-Bridging-Header.h */ = {isa = PBXFileReference; fileEncoding = 4; lastKnownFileType = sourcecode.c.h; name = "TestRichEditor-Bridging-Header.h"; path = "../TestRichEditor-Bridging-Header.h"; sourceTree = "<group>"; };
		ECA3547D903F04CD46346274 /* Pods_TestRichEditor.framework */ = {isa = PBXFileReference; explicitFileType = wrapper.framework; includeInIndex = 0; path = Pods_TestRichEditor.framework; sourceTree = BUILT_PRODUCTS_DIR; };
/* End PBXFileReference section */

/* Begin PBXFrameworksBuildPhase section */
		690041891E67CAB3007DB1CE /* Frameworks */ = {
			isa = PBXFrameworksBuildPhase;
			buildActionMask = 2147483647;
			files = (
				F08109B396C7B96540D6CF01 /* Pods_TestRichEditor.framework in Frameworks */,
			);
			runOnlyForDeploymentPostprocessing = 0;
		};
/* End PBXFrameworksBuildPhase section */

/* Begin PBXGroup section */
		0B8647818D2433730BEB4322 /* Frameworks */ = {
			isa = PBXGroup;
			children = (
				ECA3547D903F04CD46346274 /* Pods_TestRichEditor.framework */,
			);
			name = Frameworks;
			sourceTree = "<group>";
		};
		690041831E67CAB3007DB1CE = {
			isa = PBXGroup;
			children = (
				6900418E1E67CAB3007DB1CE /* TestRichEditor */,
				6900418D1E67CAB3007DB1CE /* Products */,
				A4C08061C618478B1464334B /* Pods */,
				0B8647818D2433730BEB4322 /* Frameworks */,
			);
			sourceTree = "<group>";
		};
		6900418D1E67CAB3007DB1CE /* Products */ = {
			isa = PBXGroup;
			children = (
				6900418C1E67CAB3007DB1CE /* TestRichEditor.app */,
			);
			name = Products;
			sourceTree = "<group>";
		};
		6900418E1E67CAB3007DB1CE /* TestRichEditor */ = {
			isa = PBXGroup;
			children = (
				6900418F1E67CAB3007DB1CE /* AppDelegate.swift */,
				690041911E67CAB3007DB1CE /* ViewController.swift */,
				690041931E67CAB3007DB1CE /* Main.storyboard */,
				690041961E67CAB3007DB1CE /* Assets.xcassets */,
				690041A11E67FFEE007DB1CE /* TestRichEditor-Bridging-Header.h */,
				690041981E67CAB3007DB1CE /* LaunchScreen.storyboard */,
				6900419B1E67CAB3007DB1CE /* Info.plist */,
			);
			path = TestRichEditor;
			sourceTree = "<group>";
		};
		A4C08061C618478B1464334B /* Pods */ = {
			isa = PBXGroup;
			children = (
				4875A72A227DE00A3A61EDF7 /* Pods-TestRichEditor.debug.xcconfig */,
				2DD221C2B56F2EA618865BFF /* Pods-TestRichEditor.release.xcconfig */,
			);
			name = Pods;
			sourceTree = "<group>";
		};
/* End PBXGroup section */

/* Begin PBXNativeTarget section */
		6900418B1E67CAB3007DB1CE /* TestRichEditor */ = {
			isa = PBXNativeTarget;
			buildConfigurationList = 6900419E1E67CAB3007DB1CE /* Build configuration list for PBXNativeTarget "TestRichEditor" */;
			buildPhases = (
				D09800B92375FED3D353BD3D /* [CP] Check Pods Manifest.lock */,
				690041881E67CAB3007DB1CE /* Sources */,
				690041891E67CAB3007DB1CE /* Frameworks */,
				6900418A1E67CAB3007DB1CE /* Resources */,
				3E6CFB1E19D47AB6F262CE11 /* [CP] Embed Pods Frameworks */,
				2896ACBDFBB08386EBD1C8BF /* [CP] Copy Pods Resources */,
			);
			buildRules = (
			);
			dependencies = (
			);
			name = TestRichEditor;
			productName = TestRichEditor;
			productReference = 6900418C1E67CAB3007DB1CE /* TestRichEditor.app */;
			productType = "com.apple.product-type.application";
		};
/* End PBXNativeTarget section */

/* Begin PBXProject section */
		690041841E67CAB3007DB1CE /* Project object */ = {
			isa = PBXProject;
			attributes = {
				LastSwiftUpdateCheck = 0820;
				LastUpgradeCheck = 0820;
				ORGANIZATIONNAME = xujing;
				TargetAttributes = {
					6900418B1E67CAB3007DB1CE = {
						CreatedOnToolsVersion = 8.2.1;
						DevelopmentTeam = G2BS3FU3MZ;
						ProvisioningStyle = Automatic;
					};
				};
			};
			buildConfigurationList = 690041871E67CAB3007DB1CE /* Build configuration list for PBXProject "TestRichEditor" */;
			compatibilityVersion = "Xcode 3.2";
			developmentRegion = English;
			hasScannedForEncodings = 0;
			knownRegions = (
				en,
				Base,
			);
			mainGroup = 690041831E67CAB3007DB1CE;
			productRefGroup = 6900418D1E67CAB3007DB1CE /* Products */;
			projectDirPath = "";
			projectRoot = "";
			targets = (
				6900418B1E67CAB3007DB1CE /* TestRichEditor */,
			);
		};
/* End PBXProject section */

/* Begin PBXResourcesBuildPhase section */
		6900418A1E67CAB3007DB1CE /* Resources */ = {
			isa = PBXResourcesBuildPhase;
			buildActionMask = 2147483647;
			files = (
				6900419A1E67CAB3007DB1CE /* LaunchScreen.storyboard in Resources */,
				690041971E67CAB3007DB1CE /* Assets.xcassets in Resources */,
				690041951E67CAB3007DB1CE /* Main.storyboard in Resources */,
			);
			runOnlyForDeploymentPostprocessing = 0;
		};
/* End PBXResourcesBuildPhase section */

/* Begin PBXShellScriptBuildPhase section */
		2896ACBDFBB08386EBD1C8BF /* [CP] Copy Pods Resources */ = {
			isa = PBXShellScriptBuildPhase;
			buildActionMask = 2147483647;
			files = (
			);
			inputPaths = (
			);
			name = "[CP] Copy Pods Resources";
			outputPaths = (
			);
			runOnlyForDeploymentPostprocessing = 0;
			shellPath = /bin/sh;
			shellScript = "\"${SRCROOT}/Pods/Target Support Files/Pods-TestRichEditor/Pods-TestRichEditor-resources.sh\"\n";
			showEnvVarsInLog = 0;
		};
		3E6CFB1E19D47AB6F262CE11 /* [CP] Embed Pods Frameworks */ = {
			isa = PBXShellScriptBuildPhase;
			buildActionMask = 2147483647;
			files = (
			);
			inputPaths = (
			);
			name = "[CP] Embed Pods Frameworks";
			outputPaths = (
			);
			runOnlyForDeploymentPostprocessing = 0;
			shellPath = /bin/sh;
			shellScript = "\"${SRCROOT}/Pods/Target Support Files/Pods-TestRichEditor/Pods-TestRichEditor-frameworks.sh\"\n";
			showEnvVarsInLog = 0;
		};
		D09800B92375FED3D353BD3D /* [CP] Check Pods Manifest.lock */ = {
			isa = PBXShellScriptBuildPhase;
			buildActionMask = 2147483647;
			files = (
			);
			inputPaths = (
			);
			name = "[CP] Check Pods Manifest.lock";
			outputPaths = (
			);
			runOnlyForDeploymentPostprocessing = 0;
			shellPath = /bin/sh;
			shellScript = "diff \"${PODS_ROOT}/../Podfile.lock\" \"${PODS_ROOT}/Manifest.lock\" > /dev/null\nif [ $? != 0 ] ; then\n    # print error to STDERR\n    echo \"error: The sandbox is not in sync with the Podfile.lock. Run 'pod install' or update your CocoaPods installation.\" >&2\n    exit 1\nfi\n";
			showEnvVarsInLog = 0;
		};
/* End PBXShellScriptBuildPhase section */

/* Begin PBXSourcesBuildPhase section */
		690041881E67CAB3007DB1CE /* Sources */ = {
			isa = PBXSourcesBuildPhase;
			buildActionMask = 2147483647;
			files = (
				690041921E67CAB3007DB1CE /* ViewController.swift in Sources */,
				690041901E67CAB3007DB1CE /* AppDelegate.swift in Sources */,
			);
			runOnlyForDeploymentPostprocessing = 0;
		};
/* End PBXSourcesBuildPhase section */

/* Begin PBXVariantGroup section */
		690041931E67CAB3007DB1CE /* Main.storyboard */ = {
			isa = PBXVariantGroup;
			children = (
				690041941E67CAB3007DB1CE /* Base */,
			);
			name = Main.storyboard;
			sourceTree = "<group>";
		};
		690041981E67CAB3007DB1CE /* LaunchScreen.storyboard */ = {
			isa = PBXVariantGroup;
			children = (
				690041991E67CAB3007DB1CE /* Base */,
			);
			name = LaunchScreen.storyboard;
			sourceTree = "<group>";
		};
/* End PBXVariantGroup section */

/* Begin XCBuildConfiguration section */
		6900419C1E67CAB3007DB1CE /* Debug */ = {
			isa = XCBuildConfiguration;
			buildSettings = {
				ALWAYS_SEARCH_USER_PATHS = NO;
				CLANG_ANALYZER_NONNULL = YES;
				CLANG_CXX_LANGUAGE_STANDARD = "gnu++0x";
				CLANG_CXX_LIBRARY = "libc++";
				CLANG_ENABLE_MODULES = YES;
				CLANG_ENABLE_OBJC_ARC = YES;
				CLANG_WARN_BOOL_CONVERSION = YES;
				CLANG_WARN_CONSTANT_CONVERSION = YES;
				CLANG_WARN_DIRECT_OBJC_ISA_USAGE = YES_ERROR;
				CLANG_WARN_DOCUMENTATION_COMMENTS = YES;
				CLANG_WARN_EMPTY_BODY = YES;
				CLANG_WARN_ENUM_CONVERSION = YES;
				CLANG_WARN_INFINITE_RECURSION = YES;
				CLANG_WARN_INT_CONVERSION = YES;
				CLANG_WARN_OBJC_ROOT_CLASS = YES_ERROR;
				CLANG_WARN_SUSPICIOUS_MOVE = YES;
				CLANG_WARN_UNREACHABLE_CODE = YES;
				CLANG_WARN__DUPLICATE_METHOD_MATCH = YES;
				"CODE_SIGN_IDENTITY[sdk=iphoneos*]" = "iPhone Developer";
				COPY_PHASE_STRIP = NO;
				DEBUG_INFORMATION_FORMAT = dwarf;
				ENABLE_STRICT_OBJC_MSGSEND = YES;
				ENABLE_TESTABILITY = YES;
				GCC_C_LANGUAGE_STANDARD = gnu99;
				GCC_DYNAMIC_NO_PIC = NO;
				GCC_NO_COMMON_BLOCKS = YES;
				GCC_OPTIMIZATION_LEVEL = 0;
				GCC_PREPROCESSOR_DEFINITIONS = (
					"DEBUG=1",
					"$(inherited)",
				);
				GCC_WARN_64_TO_32_BIT_CONVERSION = YES;
				GCC_WARN_ABOUT_RETURN_TYPE = YES_ERROR;
				GCC_WARN_UNDECLARED_SELECTOR = YES;
				GCC_WARN_UNINITIALIZED_AUTOS = YES_AGGRESSIVE;
				GCC_WARN_UNUSED_FUNCTION = YES;
				GCC_WARN_UNUSED_VARIABLE = YES;
				IPHONEOS_DEPLOYMENT_TARGET = 10.2;
				MTL_ENABLE_DEBUG_INFO = YES;
				ONLY_ACTIVE_ARCH = YES;
				SDKROOT = iphoneos;
				SWIFT_ACTIVE_COMPILATION_CONDITIONS = DEBUG;
				SWIFT_OPTIMIZATION_LEVEL = "-Onone";
				SWIFT_VERSION = 2.3;
			};
			name = Debug;
		};
		6900419D1E67CAB3007DB1CE /* Release */ = {
			isa = XCBuildConfiguration;
			buildSettings = {
				ALWAYS_SEARCH_USER_PATHS = NO;
				CLANG_ANALYZER_NONNULL = YES;
				CLANG_CXX_LANGUAGE_STANDARD = "gnu++0x";
				CLANG_CXX_LIBRARY = "libc++";
				CLANG_ENABLE_MODULES = YES;
				CLANG_ENABLE_OBJC_ARC = YES;
				CLANG_WARN_BOOL_CONVERSION = YES;
				CLANG_WARN_CONSTANT_CONVERSION = YES;
				CLANG_WARN_DIRECT_OBJC_ISA_USAGE = YES_ERROR;
				CLANG_WARN_DOCUMENTATION_COMMENTS = YES;
				CLANG_WARN_EMPTY_BODY = YES;
				CLANG_WARN_ENUM_CONVERSION = YES;
				CLANG_WARN_INFINITE_RECURSION = YES;
				CLANG_WARN_INT_CONVERSION = YES;
				CLANG_WARN_OBJC_ROOT_CLASS = YES_ERROR;
				CLANG_WARN_SUSPICIOUS_MOVE = YES;
				CLANG_WARN_UNREACHABLE_CODE = YES;
				CLANG_WARN__DUPLICATE_METHOD_MATCH = YES;
				"CODE_SIGN_IDENTITY[sdk=iphoneos*]" = "iPhone Developer";
				COPY_PHASE_STRIP = NO;
				DEBUG_INFORMATION_FORMAT = "dwarf-with-dsym";
				ENABLE_NS_ASSERTIONS = NO;
				ENABLE_STRICT_OBJC_MSGSEND = YES;
				GCC_C_LANGUAGE_STANDARD = gnu99;
				GCC_NO_COMMON_BLOCKS = YES;
				GCC_WARN_64_TO_32_BIT_CONVERSION = YES;
				GCC_WARN_ABOUT_RETURN_TYPE = YES_ERROR;
				GCC_WARN_UNDECLARED_SELECTOR = YES;
				GCC_WARN_UNINITIALIZED_AUTOS = YES_AGGRESSIVE;
				GCC_WARN_UNUSED_FUNCTION = YES;
				GCC_WARN_UNUSED_VARIABLE = YES;
				IPHONEOS_DEPLOYMENT_TARGET = 10.2;
				MTL_ENABLE_DEBUG_INFO = NO;
				SDKROOT = iphoneos;
				SWIFT_OPTIMIZATION_LEVEL = "-Owholemodule";
				SWIFT_VERSION = 2.3;
				VALIDATE_PRODUCT = YES;
			};
			name = Release;
		};
		6900419F1E67CAB3007DB1CE /* Debug */ = {
			isa = XCBuildConfiguration;
			baseConfigurationReference = 4875A72A227DE00A3A61EDF7 /* Pods-TestRichEditor.debug.xcconfig */;
			buildSettings = {
				ASSETCATALOG_COMPILER_APPICON_NAME = AppIcon;
				CLANG_ENABLE_OBJC_WEAK = YES;
				DEVELOPMENT_TEAM = G2BS3FU3MZ;
				INFOPLIST_FILE = TestRichEditor/Info.plist;
				LD_RUNPATH_SEARCH_PATHS = "$(inherited) @executable_path/Frameworks";
				PRODUCT_BUNDLE_IDENTIFIER = com.AiLi.TestRichEditor;
				PRODUCT_NAME = "$(TARGET_NAME)";
				SWIFT_OBJC_BRIDGING_HEADER = "TestRichEditor-Bridging-Header.h";
				SWIFT_VERSION = 2.3;
			};
			name = Debug;
		};
		690041A01E67CAB3007DB1CE /* Release */ = {
			isa = XCBuildConfiguration;
			baseConfigurationReference = 2DD221C2B56F2EA618865BFF /* Pods-TestRichEditor.release.xcconfig */;
			buildSettings = {
				ASSETCATALOG_COMPILER_APPICON_NAME = AppIcon;
				CLANG_ENABLE_OBJC_WEAK = YES;
				DEVELOPMENT_TEAM = G2BS3FU3MZ;
				INFOPLIST_FILE = TestRichEditor/Info.plist;
				LD_RUNPATH_SEARCH_PATHS = "$(inherited) @executable_path/Frameworks";
				PRODUCT_BUNDLE_IDENTIFIER = com.AiLi.TestRichEditor;
				PRODUCT_NAME = "$(TARGET_NAME)";
				SWIFT_OBJC_BRIDGING_HEADER = "TestRichEditor-Bridging-Header.h";
				SWIFT_VERSION = 2.3;
			};
			name = Release;
		};
/* End XCBuildConfiguration section */

/* Begin XCConfigurationList section */
		690041871E67CAB3007DB1CE /* Build configuration list for PBXProject "TestRichEditor" */ = {
			isa = XCConfigurationList;
			buildConfigurations = (
				6900419C1E67CAB3007DB1CE /* Debug */,
				6900419D1E67CAB3007DB1CE /* Release */,
			);
			defaultConfigurationIsVisible = 0;
			defaultConfigurationName = Release;
		};
		6900419E1E67CAB3007DB1CE /* Build configuration list for PBXNativeTarget "TestRichEditor" */ = {
			isa = XCConfigurationList;
			buildConfigurations = (
				6900419F1E67CAB3007DB1CE /* Debug */,
				690041A01E67CAB3007DB1CE /* Release */,
			);
			defaultConfigurationIsVisible = 0;
			defaultConfigurationName = Release;
		};
/* End XCConfigurationList section */
	};
	rootObject = 690041841E67CAB3007DB1CE /* Project object */;
}
